
Microsoft Visual Studio Solution File, Format Version 12.00
# Visual Studio Version 16
VisualStudioVersion = 16.0.30611.23
MinimumVisualStudioVersion = 10.0.40219.1
Project("{FAE04EC0-301F-11D3-BF4B-00C04F79EFBC}") = "Zadanie2", "Zadanie2\Zadanie2.csproj", "{D2D76422-4878-4A78-938F-2789AD00B86F}"
EndProject
Global
	GlobalSection(SolutionConfigurationPlatforms) = preSolution
		Debug|Any CPU = Debug|Any CPU
		Release|Any CPU = Release|Any CPU
	EndGlobalSection
	GlobalSection(ProjectConfigurationPlatforms) = postSolution
		{D2D76422-4878-4A78-938F-2789AD00B86F}.Debug|Any CPU.ActiveCfg = Debug|Any CPU
		{D2D76422-4878-4A78-938F-2789AD00B86F}.Debug|Any CPU.Build.0 = Debug|Any CPU
		{D2D76422-4878-4A78-938F-2789AD00B86F}.Release|Any CPU.ActiveCfg = Release|Any CPU
		{D2D76422-4878-4A78-938F-2789AD00B86F}.Release|Any CPU.Build.0 = Release|Any CPU
	EndGlobalSection
	GlobalSection(SolutionProperties) = preSolution
		HideSolutionNode = FALSE
	EndGlobalSection
	GlobalSection(ExtensibilityGlobals) = postSolution
		SolutionGuid = {1CF12054-BD2D-41D7-9E43-8C3369BAC82C}
	EndGlobalSection
EndGlobal
